
Microsoft Visual Studio Solution File, Format Version 12.00
Project("{FAE04EC0-301F-11D3-BF4B-00C04F79EFBC}") = "ConseleniumPresentation", "ConseleniumPresentation.csproj", "{35BFC232-D7BB-4A5E-9014-B6533A5E398D}"
EndProject
Global
	GlobalSection(SolutionConfigurationPlatforms) = preSolution
		Debug|Any CPU = Debug|Any CPU
		Release|Any CPU = Release|Any CPU
	EndGlobalSection
	GlobalSection(ProjectConfigurationPlatforms) = postSolution
		{35BFC232-D7BB-4A5E-9014-B6533A5E398D}.Debug|Any CPU.ActiveCfg = Debug|Any CPU
		{35BFC232-D7BB-4A5E-9014-B6533A5E398D}.Debug|Any CPU.Build.0 = Debug|Any CPU
		{35BFC232-D7BB-4A5E-9014-B6533A5E398D}.Release|Any CPU.ActiveCfg = Release|Any CPU
		{35BFC232-D7BB-4A5E-9014-B6533A5E398D}.Release|Any CPU.Build.0 = Release|Any CPU
	EndGlobalSection
EndGlobal
